
Microsoft Visual Studio Solution File, Format Version 12.00
# Visual Studio 15
VisualStudioVersion = 15.0.27703.2042
MinimumVisualStudioVersion = 10.0.40219.1
Project("{8BC9CEB8-8B4A-11D0-8D11-00A0C91BC942}") = "Class5", "Class5\Class5.vcxproj", "{8D1102B5-19EE-464C-BE9A-EC880C3FF93A}"
EndProject
Global
	GlobalSection(SolutionConfigurationPlatforms) = preSolution
		Debug|x64 = Debug|x64
		Debug|x86 = Debug|x86
		Release|x64 = Release|x64
		Release|x86 = Release|x86
	EndGlobalSection
	GlobalSection(ProjectConfigurationPlatforms) = postSolution
		{8D1102B5-19EE-464C-BE9A-EC880C3FF93A}.Debug|x64.ActiveCfg = Debug|x64
		{8D1102B5-19EE-464C-BE9A-EC880C3FF93A}.Debug|x64.Build.0 = Debug|x64
		{8D1102B5-19EE-464C-BE9A-EC880C3FF93A}.Debug|x86.ActiveCfg = Debug|Win32
		{8D1102B5-19EE-464C-BE9A-EC880C3FF93A}.Debug|x86.Build.0 = Debug|Win32
		{8D1102B5-19EE-464C-BE9A-EC880C3FF93A}.Release|x64.ActiveCfg = Release|x64
		{8D1102B5-19EE-464C-BE9A-EC880C3FF93A}.Release|x64.Build.0 = Release|x64
		{8D1102B5-19EE-464C-BE9A-EC880C3FF93A}.Release|x86.ActiveCfg = Release|Win32
		{8D1102B5-19EE-464C-BE9A-EC880C3FF93A}.Release|x86.Build.0 = Release|Win32
	EndGlobalSection
	GlobalSection(SolutionProperties) = preSolution
		HideSolutionNode = FALSE
	EndGlobalSection
	GlobalSection(ExtensibilityGlobals) = postSolution
		SolutionGuid = {25B54636-DD85-4DFA-98CC-27AD8535D24C}
	EndGlobalSection
EndGlobal
